
Microsoft Visual Studio Solution File, Format Version 12.00
# Visual Studio 2012
Project("{FAE04EC0-301F-11D3-BF4B-00C04F79EFBC}") = "DataStructures", "DataStructures\DataStructures.csproj", "{A9F17FAD-B319-4D84-AA19-A710B2D6C5D1}"
EndProject
Project("{FAE04EC0-301F-11D3-BF4B-00C04F79EFBC}") = "DataStructures.Tests", "DataStructures.Tests\DataStructures.Tests.csproj", "{EBFAD124-8959-4873-A328-C63BA3AF3E18}"
EndProject
Global
	GlobalSection(SolutionConfigurationPlatforms) = preSolution
		Debug|Any CPU = Debug|Any CPU
		Release|Any CPU = Release|Any CPU
	EndGlobalSection
	GlobalSection(ProjectConfigurationPlatforms) = postSolution
		{A9F17FAD-B319-4D84-AA19-A710B2D6C5D1}.Debug|Any CPU.ActiveCfg = Debug|Any CPU
		{A9F17FAD-B319-4D84-AA19-A710B2D6C5D1}.Debug|Any CPU.Build.0 = Debug|Any CPU
		{A9F17FAD-B319-4D84-AA19-A710B2D6C5D1}.Release|Any CPU.ActiveCfg = Release|Any CPU
		{A9F17FAD-B319-4D84-AA19-A710B2D6C5D1}.Release|Any CPU.Build.0 = Release|Any CPU
		{EBFAD124-8959-4873-A328-C63BA3AF3E18}.Debug|Any CPU.ActiveCfg = Debug|Any CPU
		{EBFAD124-8959-4873-A328-C63BA3AF3E18}.Debug|Any CPU.Build.0 = Debug|Any CPU
		{EBFAD124-8959-4873-A328-C63BA3AF3E18}.Release|Any CPU.ActiveCfg = Release|Any CPU
		{EBFAD124-8959-4873-A328-C63BA3AF3E18}.Release|Any CPU.Build.0 = Release|Any CPU
	EndGlobalSection
	GlobalSection(SolutionProperties) = preSolution
		HideSolutionNode = FALSE
	EndGlobalSection
EndGlobal
